
Microsoft Visual Studio Solution File, Format Version 12.00
# Visual Studio Version 17
VisualStudioVersion = 17.8.34322.80
MinimumVisualStudioVersion = 10.0.40219.1
Project("{8BC9CEB8-8B4A-11D0-8D11-00A0C91BC942}") = "Computer Graphics", "Computer Graphics.vcxproj", "{7EB705D0-B225-4120-B3D2-795E8E1513A1}"
EndProject
Global
	GlobalSection(SolutionConfigurationPlatforms) = preSolution
		Debug|x64 = Debug|x64
		Debug|x86 = Debug|x86
		Release|x64 = Release|x64
		Release|x86 = Release|x86
	EndGlobalSection
	GlobalSection(ProjectConfigurationPlatforms) = postSolution
		{7EB705D0-B225-4120-B3D2-795E8E1513A1}.Debug|x64.ActiveCfg = Debug|x64
		{7EB705D0-B225-4120-B3D2-795E8E1513A1}.Debug|x64.Build.0 = Debug|x64
		{7EB705D0-B225-4120-B3D2-795E8E1513A1}.Debug|x86.ActiveCfg = Debug|Win32
		{7EB705D0-B225-4120-B3D2-795E8E1513A1}.Debug|x86.Build.0 = Debug|Win32
		{7EB705D0-B225-4120-B3D2-795E8E1513A1}.Release|x64.ActiveCfg = Release|x64
		{7EB705D0-B225-4120-B3D2-795E8E1513A1}.Release|x64.Build.0 = Release|x64
		{7EB705D0-B225-4120-B3D2-795E8E1513A1}.Release|x86.ActiveCfg = Release|Win32
		{7EB705D0-B225-4120-B3D2-795E8E1513A1}.Release|x86.Build.0 = Release|Win32
	EndGlobalSection
	GlobalSection(SolutionProperties) = preSolution
		HideSolutionNode = FALSE
	EndGlobalSection
	GlobalSection(ExtensibilityGlobals) = postSolution
		SolutionGuid = {2F982A53-E14B-4C62-87ED-0C51690B9531}
	EndGlobalSection
EndGlobal
